
Microsoft Visual Studio Solution File, Format Version 12.00
# Visual Studio Version 17
VisualStudioVersion = 17.14.36518.9 d17.14
MinimumVisualStudioVersion = 10.0.40219.1
Project("{FAE04EC0-301F-11D3-BF4B-00C04F79EFBC}") = "BlazorBasics.Maps.Google", "BlazorBasics.Maps.Google\BlazorBasics.Maps.Google.csproj", "{873E448E-3A50-4E77-B651-A9F3D065DD46}"
EndProject
Global
	GlobalSection(SolutionConfigurationPlatforms) = preSolution
		Debug|Any CPU = Debug|Any CPU
		Release|Any CPU = Release|Any CPU
	EndGlobalSection
	GlobalSection(ProjectConfigurationPlatforms) = postSolution
		{873E448E-3A50-4E77-B651-A9F3D065DD46}.Debug|Any CPU.ActiveCfg = Debug|Any CPU
		{873E448E-3A50-4E77-B651-A9F3D065DD46}.Debug|Any CPU.Build.0 = Debug|Any CPU
		{873E448E-3A50-4E77-B651-A9F3D065DD46}.Release|Any CPU.ActiveCfg = Release|Any CPU
		{873E448E-3A50-4E77-B651-A9F3D065DD46}.Release|Any CPU.Build.0 = Release|Any CPU
	EndGlobalSection
	GlobalSection(SolutionProperties) = preSolution
		HideSolutionNode = FALSE
	EndGlobalSection
	GlobalSection(ExtensibilityGlobals) = postSolution
		SolutionGuid = {4A716C62-90D7-416E-A59D-5034C08B0728}
	EndGlobalSection
EndGlobal
